
Microsoft Visual Studio Solution File, Format Version 12.00
# Visual Studio Version 17
VisualStudioVersion = 17.1.32414.318
MinimumVisualStudioVersion = 10.0.40219.1
Project("{FAE04EC0-301F-11D3-BF4B-00C04F79EFBC}") = "RazorPizzeria", "RazorPizzeria.csproj", "{CDB44096-F9FE-4D1A-8C79-B740BC858257}"
EndProject
Global
	GlobalSection(SolutionConfigurationPlatforms) = preSolution
		Debug|Any CPU = Debug|Any CPU
		Release|Any CPU = Release|Any CPU
	EndGlobalSection
	GlobalSection(ProjectConfigurationPlatforms) = postSolution
		{CDB44096-F9FE-4D1A-8C79-B740BC858257}.Debug|Any CPU.ActiveCfg = Debug|Any CPU
		{CDB44096-F9FE-4D1A-8C79-B740BC858257}.Debug|Any CPU.Build.0 = Debug|Any CPU
		{CDB44096-F9FE-4D1A-8C79-B740BC858257}.Release|Any CPU.ActiveCfg = Release|Any CPU
		{CDB44096-F9FE-4D1A-8C79-B740BC858257}.Release|Any CPU.Build.0 = Release|Any CPU
	EndGlobalSection
	GlobalSection(SolutionProperties) = preSolution
		HideSolutionNode = FALSE
	EndGlobalSection
	GlobalSection(ExtensibilityGlobals) = postSolution
		SolutionGuid = {35E17C7B-E426-4EA2-A340-CE59F13D0C5D}
	EndGlobalSection
EndGlobal
